
Microsoft Visual Studio Solution File, Format Version 12.00
# Visual Studio Version 16
VisualStudioVersion = 16.0.30128.74
MinimumVisualStudioVersion = 10.0.40219.1
Project("{FAE04EC0-301F-11D3-BF4B-00C04F79EFBC}") = "Triton", "Triton\Triton.csproj", "{C2B246CE-63F8-48FD-B66D-058137B8E619}"
EndProject
Global
	GlobalSection(SolutionConfigurationPlatforms) = preSolution
		Debug|Any CPU = Debug|Any CPU
		Release|Any CPU = Release|Any CPU
	EndGlobalSection
	GlobalSection(ProjectConfigurationPlatforms) = postSolution
		{C2B246CE-63F8-48FD-B66D-058137B8E619}.Debug|Any CPU.ActiveCfg = Debug|Any CPU
		{C2B246CE-63F8-48FD-B66D-058137B8E619}.Debug|Any CPU.Build.0 = Debug|Any CPU
		{C2B246CE-63F8-48FD-B66D-058137B8E619}.Release|Any CPU.ActiveCfg = Release|Any CPU
		{C2B246CE-63F8-48FD-B66D-058137B8E619}.Release|Any CPU.Build.0 = Release|Any CPU
	EndGlobalSection
	GlobalSection(SolutionProperties) = preSolution
		HideSolutionNode = FALSE
	EndGlobalSection
	GlobalSection(ExtensibilityGlobals) = postSolution
		SolutionGuid = {85E815B8-EA92-484B-AD58-9D70B29E1AE7}
	EndGlobalSection
EndGlobal
